# THIS IS AN AUTOGENERATED FILE. DO NOT EDIT THIS FILE DIRECTLY.
# yarn lockfile v1


date-names@^0.1.12:
  version "0.1.12"
  resolved "https://registry.yarnpkg.com/date-names/-/date-names-0.1.12.tgz#e60fe316de1547c9d9e7f14bd350130e4b7f9ef8"

ordinal@^1.0.2:
  version "1.0.2"
  resolved "https://registry.yarnpkg.com/ordinal/-/ordinal-1.0.2.tgz#a1f4bc4ba56bf91bf9e31335b9e9ca456ed9ca78"
